
Microsoft Visual Studio Solution File, Format Version 12.00
# Visual Studio Version 17
VisualStudioVersion = 17.0.31903.59
MinimumVisualStudioVersion = 10.0.40219.1
Project("{2150E333-8FDC-42A3-9474-1A3956D46DE8}") = "Solution Items", "Solution Items", "{90DB25E3-C862-4D2D-96DA-820CB326A04F}"
	ProjectSection(SolutionItems) = preProject
		bfs-5.png = bfs-5.png
		Big-o.png = Big-o.png
		dsa_logo.png = dsa_logo.png
		ezgif.com-gif-maker7.gif = ezgif.com-gif-maker7.gif
		README.md = README.md
	EndProjectSection
EndProject
Project("{9A19103F-16F7-4668-BE54-9A1E7A4F7556}") = "DSA.Library", "DSA.Library\DSA.Library.csproj", "{7610171F-C6B8-4D60-ABEA-2B2D4124F2A2}"
EndProject
Project("{9A19103F-16F7-4668-BE54-9A1E7A4F7556}") = "DSA.Tests", "DSA.Tests\DSA.Tests.csproj", "{35B22EC1-7E28-4401-8728-B2710D493E15}"
EndProject
Global
	GlobalSection(SolutionConfigurationPlatforms) = preSolution
		Debug|Any CPU = Debug|Any CPU
		Release|Any CPU = Release|Any CPU
	EndGlobalSection
	GlobalSection(ProjectConfigurationPlatforms) = postSolution
		{7610171F-C6B8-4D60-ABEA-2B2D4124F2A2}.Debug|Any CPU.ActiveCfg = Debug|Any CPU
		{7610171F-C6B8-4D60-ABEA-2B2D4124F2A2}.Debug|Any CPU.Build.0 = Debug|Any CPU
		{7610171F-C6B8-4D60-ABEA-2B2D4124F2A2}.Release|Any CPU.ActiveCfg = Release|Any CPU
		{7610171F-C6B8-4D60-ABEA-2B2D4124F2A2}.Release|Any CPU.Build.0 = Release|Any CPU
		{35B22EC1-7E28-4401-8728-B2710D493E15}.Debug|Any CPU.ActiveCfg = Debug|Any CPU
		{35B22EC1-7E28-4401-8728-B2710D493E15}.Debug|Any CPU.Build.0 = Debug|Any CPU
		{35B22EC1-7E28-4401-8728-B2710D493E15}.Release|Any CPU.ActiveCfg = Release|Any CPU
		{35B22EC1-7E28-4401-8728-B2710D493E15}.Release|Any CPU.Build.0 = Release|Any CPU
	EndGlobalSection
	GlobalSection(SolutionProperties) = preSolution
		HideSolutionNode = FALSE
	EndGlobalSection
	GlobalSection(ExtensibilityGlobals) = postSolution
		SolutionGuid = {D4D42880-1C73-42DA-B636-43BB5013FC7E}
	EndGlobalSection
EndGlobal
